
Microsoft Visual Studio Solution File, Format Version 12.00
# Visual Studio Version 16
VisualStudioVersion = 16.0.28803.156
MinimumVisualStudioVersion = 10.0.40219.1
Project("{2150E333-8FDC-42A3-9474-1A3956D46DE8}") = "Application", "Application", "{3454370C-862D-4B60-BAA5-6DC6296ECEC6}"
EndProject
Project("{2150E333-8FDC-42A3-9474-1A3956D46DE8}") = "Domain", "Domain", "{69D626D7-902C-4D74-8630-F5834A5BEE8F}"
EndProject
Project("{2150E333-8FDC-42A3-9474-1A3956D46DE8}") = "Infrastructure", "Infrastructure", "{1E7A2978-4DA8-4552-B05E-1B88A3357666}"
EndProject
Project("{2150E333-8FDC-42A3-9474-1A3956D46DE8}") = "Test", "Test", "{D99AF3F7-0647-47FC-ABDE-E0AEC44109AE}"
EndProject
Project("{FAE04EC0-301F-11D3-BF4B-00C04F79EFBC}") = "Deloitte.Towers.Parking.Domain.Services", "Deloitte.Towers.Parking.Domain.Services\Deloitte.Towers.Parking.Domain.Services.csproj", "{B6589F42-1427-4376-B91B-B1C0A892B7F2}"
EndProject
Project("{FAE04EC0-301F-11D3-BF4B-00C04F79EFBC}") = "Deloitte.Towers.Parking.Infrastructure.Repositories", "Deloitte.Towers.Parking.Infrastructure.Repositories\Deloitte.Towers.Parking.Infrastructure.Repositories.csproj", "{085EB6FF-C824-477F-8D6F-6749939AC5EA}"
EndProject
Project("{FAE04EC0-301F-11D3-BF4B-00C04F79EFBC}") = "Deloitte.Towers.Parking.Infrastructure.ServiceAgents", "Deloitte.Towers.Parking.Infrastructure.ServiceAgents\Deloitte.Towers.Parking.Infrastructure.ServiceAgents.csproj", "{3126A899-9753-45B2-B47A-606B5CFF71A9}"
EndProject
Project("{2150E333-8FDC-42A3-9474-1A3956D46DE8}") = "Application", "Application", "{8F25B2BE-AE20-40F8-9E23-F90098B3BB3B}"
EndProject
Project("{2150E333-8FDC-42A3-9474-1A3956D46DE8}") = "Domain", "Domain", "{D8835376-E242-438B-9ABE-4FBB018C8BCF}"
EndProject
Project("{2150E333-8FDC-42A3-9474-1A3956D46DE8}") = "Infrastructure", "Infrastructure", "{386A7E42-E4BF-49A8-A6ED-C9A2EAAEA571}"
EndProject
Project("{FAE04EC0-301F-11D3-BF4B-00C04F79EFBC}") = "Deloitte.Towers.Parking.Test.Application.Api", "Deloitte.Towers.Parking.Test.Application.Api\Deloitte.Towers.Parking.Test.Application.Api.csproj", "{B6FF2557-02AC-449E-A2F7-130C18527407}"
EndProject
Project("{FAE04EC0-301F-11D3-BF4B-00C04F79EFBC}") = "Deloitte.Towers.Parking.Test.Domain.Contracts", "Deloitte.Towers.Parking.Test.Domain.Contracts\Deloitte.Towers.Parking.Test.Domain.Contracts.csproj", "{8FB9DC13-FFA1-4A04-AC85-598C8E3CB7BC}"
EndProject
Project("{FAE04EC0-301F-11D3-BF4B-00C04F79EFBC}") = "Deloitte.Towers.Parking.Test.Domain.Services", "Deloitte.Towers.Parking.Test.Domain.Services\Deloitte.Towers.Parking.Test.Domain.Services.csproj", "{3D6197B4-6391-4056-9E41-991AC69551BC}"
EndProject
Project("{FAE04EC0-301F-11D3-BF4B-00C04F79EFBC}") = "Deloitte.Towers.Parking.Test.Infrastructure.Repositories", "Deloitte.Towers.Parking.Test.Infrastructure.Repositories\Deloitte.Towers.Parking.Test.Infrastructure.Repositories.csproj", "{E631B21C-87A5-4A2A-A7D8-8B2E7007E49C}"
EndProject
Project("{FAE04EC0-301F-11D3-BF4B-00C04F79EFBC}") = "Deloitte.Towers.Parking.Test.Infrastructure.ServiceAgent", "Deloitte.Towers.Parking.Test.Infrastructure.ServiceAgent\Deloitte.Towers.Parking.Test.Infrastructure.ServiceAgent.csproj", "{DB3032E5-94A7-4013-80EF-9E12AF97ABBA}"
EndProject
Project("{FAE04EC0-301F-11D3-BF4B-00C04F79EFBC}") = "Deloitte.Towers.Parking.Infrastructure", "Deloitte.Towers.Parking.Infrastructure\Deloitte.Towers.Parking.Infrastructure.csproj", "{CB58F173-18C0-418D-ADB1-CE9B7C7D34E0}"
EndProject
Project("{FAE04EC0-301F-11D3-BF4B-00C04F79EFBC}") = "Deloitte.Towers.Parking.Domain", "Deloitte.Towers.Parking.Domain\Deloitte.Towers.Parking.Domain.csproj", "{A3DCF881-DE50-4E71-B15F-E939451B3D9F}"
EndProject
Project("{FAE04EC0-301F-11D3-BF4B-00C04F79EFBC}") = "Deloitte.Towers.Parking.Application.Api", "Deloitte.Towers.Parking.Application.Api\Deloitte.Towers.Parking.Application.Api.csproj", "{1ACE2F9B-CFBA-4FA8-83B8-933E213679A9}"
EndProject
Project("{FAE04EC0-301F-11D3-BF4B-00C04F79EFBC}") = "Deloitte.Towers.Parking.Test.Infrastructure", "Deloitte.Towers.Parking.Test.Infrastructure\Deloitte.Towers.Parking.Test.Infrastructure.csproj", "{B3CA1960-7D9D-42D4-887E-1D87050C57B0}"
EndProject
Global
	GlobalSection(SolutionConfigurationPlatforms) = preSolution
		Debug|Any CPU = Debug|Any CPU
		DEV|Any CPU = DEV|Any CPU
		PRD|Any CPU = PRD|Any CPU
		QAS|Any CPU = QAS|Any CPU
		Release|Any CPU = Release|Any CPU
		STG|Any CPU = STG|Any CPU
	EndGlobalSection
	GlobalSection(ProjectConfigurationPlatforms) = postSolution
		{B6589F42-1427-4376-B91B-B1C0A892B7F2}.Debug|Any CPU.ActiveCfg = Debug|Any CPU
		{B6589F42-1427-4376-B91B-B1C0A892B7F2}.Debug|Any CPU.Build.0 = Debug|Any CPU
		{B6589F42-1427-4376-B91B-B1C0A892B7F2}.DEV|Any CPU.ActiveCfg = DEV|Any CPU
		{B6589F42-1427-4376-B91B-B1C0A892B7F2}.DEV|Any CPU.Build.0 = DEV|Any CPU
		{B6589F42-1427-4376-B91B-B1C0A892B7F2}.PRD|Any CPU.ActiveCfg = PRD|Any CPU
		{B6589F42-1427-4376-B91B-B1C0A892B7F2}.PRD|Any CPU.Build.0 = PRD|Any CPU
		{B6589F42-1427-4376-B91B-B1C0A892B7F2}.QAS|Any CPU.ActiveCfg = QAS|Any CPU
		{B6589F42-1427-4376-B91B-B1C0A892B7F2}.QAS|Any CPU.Build.0 = QAS|Any CPU
		{B6589F42-1427-4376-B91B-B1C0A892B7F2}.Release|Any CPU.ActiveCfg = Release|Any CPU
		{B6589F42-1427-4376-B91B-B1C0A892B7F2}.Release|Any CPU.Build.0 = Release|Any CPU
		{B6589F42-1427-4376-B91B-B1C0A892B7F2}.STG|Any CPU.ActiveCfg = STG|Any CPU
		{B6589F42-1427-4376-B91B-B1C0A892B7F2}.STG|Any CPU.Build.0 = STG|Any CPU
		{085EB6FF-C824-477F-8D6F-6749939AC5EA}.Debug|Any CPU.ActiveCfg = Debug|Any CPU
		{085EB6FF-C824-477F-8D6F-6749939AC5EA}.Debug|Any CPU.Build.0 = Debug|Any CPU
		{085EB6FF-C824-477F-8D6F-6749939AC5EA}.DEV|Any CPU.ActiveCfg = DEV|Any CPU
		{085EB6FF-C824-477F-8D6F-6749939AC5EA}.DEV|Any CPU.Build.0 = DEV|Any CPU
		{085EB6FF-C824-477F-8D6F-6749939AC5EA}.PRD|Any CPU.ActiveCfg = PRD|Any CPU
		{085EB6FF-C824-477F-8D6F-6749939AC5EA}.PRD|Any CPU.Build.0 = PRD|Any CPU
		{085EB6FF-C824-477F-8D6F-6749939AC5EA}.QAS|Any CPU.ActiveCfg = QAS|Any CPU
		{085EB6FF-C824-477F-8D6F-6749939AC5EA}.QAS|Any CPU.Build.0 = QAS|Any CPU
		{085EB6FF-C824-477F-8D6F-6749939AC5EA}.Release|Any CPU.ActiveCfg = Release|Any CPU
		{085EB6FF-C824-477F-8D6F-6749939AC5EA}.Release|Any CPU.Build.0 = Release|Any CPU
		{085EB6FF-C824-477F-8D6F-6749939AC5EA}.STG|Any CPU.ActiveCfg = STG|Any CPU
		{085EB6FF-C824-477F-8D6F-6749939AC5EA}.STG|Any CPU.Build.0 = STG|Any CPU
		{3126A899-9753-45B2-B47A-606B5CFF71A9}.Debug|Any CPU.ActiveCfg = Debug|Any CPU
		{3126A899-9753-45B2-B47A-606B5CFF71A9}.Debug|Any CPU.Build.0 = Debug|Any CPU
		{3126A899-9753-45B2-B47A-606B5CFF71A9}.DEV|Any CPU.ActiveCfg = DEV|Any CPU
		{3126A899-9753-45B2-B47A-606B5CFF71A9}.DEV|Any CPU.Build.0 = DEV|Any CPU
		{3126A899-9753-45B2-B47A-606B5CFF71A9}.PRD|Any CPU.ActiveCfg = PRD|Any CPU
		{3126A899-9753-45B2-B47A-606B5CFF71A9}.PRD|Any CPU.Build.0 = PRD|Any CPU
		{3126A899-9753-45B2-B47A-606B5CFF71A9}.QAS|Any CPU.ActiveCfg = QAS|Any CPU
		{3126A899-9753-45B2-B47A-606B5CFF71A9}.QAS|Any CPU.Build.0 = QAS|Any CPU
		{3126A899-9753-45B2-B47A-606B5CFF71A9}.Release|Any CPU.ActiveCfg = Release|Any CPU
		{3126A899-9753-45B2-B47A-606B5CFF71A9}.Release|Any CPU.Build.0 = Release|Any CPU
		{3126A899-9753-45B2-B47A-606B5CFF71A9}.STG|Any CPU.ActiveCfg = STG|Any CPU
		{3126A899-9753-45B2-B47A-606B5CFF71A9}.STG|Any CPU.Build.0 = STG|Any CPU
		{B6FF2557-02AC-449E-A2F7-130C18527407}.Debug|Any CPU.ActiveCfg = Debug|Any CPU
		{B6FF2557-02AC-449E-A2F7-130C18527407}.Debug|Any CPU.Build.0 = Debug|Any CPU
		{B6FF2557-02AC-449E-A2F7-130C18527407}.DEV|Any CPU.ActiveCfg = Debug|Any CPU
		{B6FF2557-02AC-449E-A2F7-130C18527407}.DEV|Any CPU.Build.0 = Debug|Any CPU
		{B6FF2557-02AC-449E-A2F7-130C18527407}.PRD|Any CPU.ActiveCfg = Release|Any CPU
		{B6FF2557-02AC-449E-A2F7-130C18527407}.PRD|Any CPU.Build.0 = Release|Any CPU
		{B6FF2557-02AC-449E-A2F7-130C18527407}.QAS|Any CPU.ActiveCfg = Release|Any CPU
		{B6FF2557-02AC-449E-A2F7-130C18527407}.QAS|Any CPU.Build.0 = Release|Any CPU
		{B6FF2557-02AC-449E-A2F7-130C18527407}.Release|Any CPU.ActiveCfg = Release|Any CPU
		{B6FF2557-02AC-449E-A2F7-130C18527407}.Release|Any CPU.Build.0 = Release|Any CPU
		{B6FF2557-02AC-449E-A2F7-130C18527407}.STG|Any CPU.ActiveCfg = Release|Any CPU
		{B6FF2557-02AC-449E-A2F7-130C18527407}.STG|Any CPU.Build.0 = Release|Any CPU
		{8FB9DC13-FFA1-4A04-AC85-598C8E3CB7BC}.Debug|Any CPU.ActiveCfg = Debug|Any CPU
		{8FB9DC13-FFA1-4A04-AC85-598C8E3CB7BC}.Debug|Any CPU.Build.0 = Debug|Any CPU
		{8FB9DC13-FFA1-4A04-AC85-598C8E3CB7BC}.DEV|Any CPU.ActiveCfg = Debug|Any CPU
		{8FB9DC13-FFA1-4A04-AC85-598C8E3CB7BC}.DEV|Any CPU.Build.0 = Debug|Any CPU
		{8FB9DC13-FFA1-4A04-AC85-598C8E3CB7BC}.PRD|Any CPU.ActiveCfg = Release|Any CPU
		{8FB9DC13-FFA1-4A04-AC85-598C8E3CB7BC}.PRD|Any CPU.Build.0 = Release|Any CPU
		{8FB9DC13-FFA1-4A04-AC85-598C8E3CB7BC}.QAS|Any CPU.ActiveCfg = Release|Any CPU
		{8FB9DC13-FFA1-4A04-AC85-598C8E3CB7BC}.QAS|Any CPU.Build.0 = Release|Any CPU
		{8FB9DC13-FFA1-4A04-AC85-598C8E3CB7BC}.Release|Any CPU.ActiveCfg = Release|Any CPU
		{8FB9DC13-FFA1-4A04-AC85-598C8E3CB7BC}.Release|Any CPU.Build.0 = Release|Any CPU
		{8FB9DC13-FFA1-4A04-AC85-598C8E3CB7BC}.STG|Any CPU.ActiveCfg = Release|Any CPU
		{8FB9DC13-FFA1-4A04-AC85-598C8E3CB7BC}.STG|Any CPU.Build.0 = Release|Any CPU
		{3D6197B4-6391-4056-9E41-991AC69551BC}.Debug|Any CPU.ActiveCfg = Debug|Any CPU
		{3D6197B4-6391-4056-9E41-991AC69551BC}.Debug|Any CPU.Build.0 = Debug|Any CPU
		{3D6197B4-6391-4056-9E41-991AC69551BC}.DEV|Any CPU.ActiveCfg = Debug|Any CPU
		{3D6197B4-6391-4056-9E41-991AC69551BC}.DEV|Any CPU.Build.0 = Debug|Any CPU
		{3D6197B4-6391-4056-9E41-991AC69551BC}.PRD|Any CPU.ActiveCfg = Release|Any CPU
		{3D6197B4-6391-4056-9E41-991AC69551BC}.PRD|Any CPU.Build.0 = Release|Any CPU
		{3D6197B4-6391-4056-9E41-991AC69551BC}.QAS|Any CPU.ActiveCfg = Release|Any CPU
		{3D6197B4-6391-4056-9E41-991AC69551BC}.QAS|Any CPU.Build.0 = Release|Any CPU
		{3D6197B4-6391-4056-9E41-991AC69551BC}.Release|Any CPU.ActiveCfg = Release|Any CPU
		{3D6197B4-6391-4056-9E41-991AC69551BC}.Release|Any CPU.Build.0 = Release|Any CPU
		{3D6197B4-6391-4056-9E41-991AC69551BC}.STG|Any CPU.ActiveCfg = Release|Any CPU
		{3D6197B4-6391-4056-9E41-991AC69551BC}.STG|Any CPU.Build.0 = Release|Any CPU
		{E631B21C-87A5-4A2A-A7D8-8B2E7007E49C}.Debug|Any CPU.ActiveCfg = Debug|Any CPU
		{E631B21C-87A5-4A2A-A7D8-8B2E7007E49C}.Debug|Any CPU.Build.0 = Debug|Any CPU
		{E631B21C-87A5-4A2A-A7D8-8B2E7007E49C}.DEV|Any CPU.ActiveCfg = Debug|Any CPU
		{E631B21C-87A5-4A2A-A7D8-8B2E7007E49C}.DEV|Any CPU.Build.0 = Debug|Any CPU
		{E631B21C-87A5-4A2A-A7D8-8B2E7007E49C}.PRD|Any CPU.ActiveCfg = Release|Any CPU
		{E631B21C-87A5-4A2A-A7D8-8B2E7007E49C}.PRD|Any CPU.Build.0 = Release|Any CPU
		{E631B21C-87A5-4A2A-A7D8-8B2E7007E49C}.QAS|Any CPU.ActiveCfg = Release|Any CPU
		{E631B21C-87A5-4A2A-A7D8-8B2E7007E49C}.QAS|Any CPU.Build.0 = Release|Any CPU
		{E631B21C-87A5-4A2A-A7D8-8B2E7007E49C}.Release|Any CPU.ActiveCfg = Release|Any CPU
		{E631B21C-87A5-4A2A-A7D8-8B2E7007E49C}.Release|Any CPU.Build.0 = Release|Any CPU
		{E631B21C-87A5-4A2A-A7D8-8B2E7007E49C}.STG|Any CPU.ActiveCfg = Release|Any CPU
		{E631B21C-87A5-4A2A-A7D8-8B2E7007E49C}.STG|Any CPU.Build.0 = Release|Any CPU
		{DB3032E5-94A7-4013-80EF-9E12AF97ABBA}.Debug|Any CPU.ActiveCfg = Debug|Any CPU
		{DB3032E5-94A7-4013-80EF-9E12AF97ABBA}.Debug|Any CPU.Build.0 = Debug|Any CPU
		{DB3032E5-94A7-4013-80EF-9E12AF97ABBA}.DEV|Any CPU.ActiveCfg = Debug|Any CPU
		{DB3032E5-94A7-4013-80EF-9E12AF97ABBA}.DEV|Any CPU.Build.0 = Debug|Any CPU
		{DB3032E5-94A7-4013-80EF-9E12AF97ABBA}.PRD|Any CPU.ActiveCfg = Release|Any CPU
		{DB3032E5-94A7-4013-80EF-9E12AF97ABBA}.PRD|Any CPU.Build.0 = Release|Any CPU
		{DB3032E5-94A7-4013-80EF-9E12AF97ABBA}.QAS|Any CPU.ActiveCfg = Release|Any CPU
		{DB3032E5-94A7-4013-80EF-9E12AF97ABBA}.QAS|Any CPU.Build.0 = Release|Any CPU
		{DB3032E5-94A7-4013-80EF-9E12AF97ABBA}.Release|Any CPU.ActiveCfg = Release|Any CPU
		{DB3032E5-94A7-4013-80EF-9E12AF97ABBA}.Release|Any CPU.Build.0 = Release|Any CPU
		{DB3032E5-94A7-4013-80EF-9E12AF97ABBA}.STG|Any CPU.ActiveCfg = Release|Any CPU
		{DB3032E5-94A7-4013-80EF-9E12AF97ABBA}.STG|Any CPU.Build.0 = Release|Any CPU
		{CB58F173-18C0-418D-ADB1-CE9B7C7D34E0}.Debug|Any CPU.ActiveCfg = Debug|Any CPU
		{CB58F173-18C0-418D-ADB1-CE9B7C7D34E0}.Debug|Any CPU.Build.0 = Debug|Any CPU
		{CB58F173-18C0-418D-ADB1-CE9B7C7D34E0}.DEV|Any CPU.ActiveCfg = DEV|Any CPU
		{CB58F173-18C0-418D-ADB1-CE9B7C7D34E0}.DEV|Any CPU.Build.0 = DEV|Any CPU
		{CB58F173-18C0-418D-ADB1-CE9B7C7D34E0}.PRD|Any CPU.ActiveCfg = PRD|Any CPU
		{CB58F173-18C0-418D-ADB1-CE9B7C7D34E0}.PRD|Any CPU.Build.0 = PRD|Any CPU
		{CB58F173-18C0-418D-ADB1-CE9B7C7D34E0}.QAS|Any CPU.ActiveCfg = QAS|Any CPU
		{CB58F173-18C0-418D-ADB1-CE9B7C7D34E0}.QAS|Any CPU.Build.0 = QAS|Any CPU
		{CB58F173-18C0-418D-ADB1-CE9B7C7D34E0}.Release|Any CPU.ActiveCfg = Release|Any CPU
		{CB58F173-18C0-418D-ADB1-CE9B7C7D34E0}.Release|Any CPU.Build.0 = Release|Any CPU
		{CB58F173-18C0-418D-ADB1-CE9B7C7D34E0}.STG|Any CPU.ActiveCfg = STG|Any CPU
		{CB58F173-18C0-418D-ADB1-CE9B7C7D34E0}.STG|Any CPU.Build.0 = STG|Any CPU
		{A3DCF881-DE50-4E71-B15F-E939451B3D9F}.Debug|Any CPU.ActiveCfg = Debug|Any CPU
		{A3DCF881-DE50-4E71-B15F-E939451B3D9F}.Debug|Any CPU.Build.0 = Debug|Any CPU
		{A3DCF881-DE50-4E71-B15F-E939451B3D9F}.DEV|Any CPU.ActiveCfg = DEV|Any CPU
		{A3DCF881-DE50-4E71-B15F-E939451B3D9F}.DEV|Any CPU.Build.0 = DEV|Any CPU
		{A3DCF881-DE50-4E71-B15F-E939451B3D9F}.PRD|Any CPU.ActiveCfg = PRD|Any CPU
		{A3DCF881-DE50-4E71-B15F-E939451B3D9F}.PRD|Any CPU.Build.0 = PRD|Any CPU
		{A3DCF881-DE50-4E71-B15F-E939451B3D9F}.QAS|Any CPU.ActiveCfg = QAS|Any CPU
		{A3DCF881-DE50-4E71-B15F-E939451B3D9F}.QAS|Any CPU.Build.0 = QAS|Any CPU
		{A3DCF881-DE50-4E71-B15F-E939451B3D9F}.Release|Any CPU.ActiveCfg = Release|Any CPU
		{A3DCF881-DE50-4E71-B15F-E939451B3D9F}.Release|Any CPU.Build.0 = Release|Any CPU
		{A3DCF881-DE50-4E71-B15F-E939451B3D9F}.STG|Any CPU.ActiveCfg = STG|Any CPU
		{A3DCF881-DE50-4E71-B15F-E939451B3D9F}.STG|Any CPU.Build.0 = STG|Any CPU
		{1ACE2F9B-CFBA-4FA8-83B8-933E213679A9}.Debug|Any CPU.ActiveCfg = Debug|Any CPU
		{1ACE2F9B-CFBA-4FA8-83B8-933E213679A9}.Debug|Any CPU.Build.0 = Debug|Any CPU
		{1ACE2F9B-CFBA-4FA8-83B8-933E213679A9}.DEV|Any CPU.ActiveCfg = DEV|Any CPU
		{1ACE2F9B-CFBA-4FA8-83B8-933E213679A9}.DEV|Any CPU.Build.0 = DEV|Any CPU
		{1ACE2F9B-CFBA-4FA8-83B8-933E213679A9}.PRD|Any CPU.ActiveCfg = PRD|Any CPU
		{1ACE2F9B-CFBA-4FA8-83B8-933E213679A9}.PRD|Any CPU.Build.0 = PRD|Any CPU
		{1ACE2F9B-CFBA-4FA8-83B8-933E213679A9}.QAS|Any CPU.ActiveCfg = QAS|Any CPU
		{1ACE2F9B-CFBA-4FA8-83B8-933E213679A9}.QAS|Any CPU.Build.0 = QAS|Any CPU
		{1ACE2F9B-CFBA-4FA8-83B8-933E213679A9}.Release|Any CPU.ActiveCfg = Release|Any CPU
		{1ACE2F9B-CFBA-4FA8-83B8-933E213679A9}.Release|Any CPU.Build.0 = Release|Any CPU
		{1ACE2F9B-CFBA-4FA8-83B8-933E213679A9}.STG|Any CPU.ActiveCfg = STG|Any CPU
		{1ACE2F9B-CFBA-4FA8-83B8-933E213679A9}.STG|Any CPU.Build.0 = STG|Any CPU
		{B3CA1960-7D9D-42D4-887E-1D87050C57B0}.Debug|Any CPU.ActiveCfg = Debug|Any CPU
		{B3CA1960-7D9D-42D4-887E-1D87050C57B0}.Debug|Any CPU.Build.0 = Debug|Any CPU
		{B3CA1960-7D9D-42D4-887E-1D87050C57B0}.DEV|Any CPU.ActiveCfg = Debug|Any CPU
		{B3CA1960-7D9D-42D4-887E-1D87050C57B0}.DEV|Any CPU.Build.0 = Debug|Any CPU
		{B3CA1960-7D9D-42D4-887E-1D87050C57B0}.PRD|Any CPU.ActiveCfg = Release|Any CPU
		{B3CA1960-7D9D-42D4-887E-1D87050C57B0}.PRD|Any CPU.Build.0 = Release|Any CPU
		{B3CA1960-7D9D-42D4-887E-1D87050C57B0}.QAS|Any CPU.ActiveCfg = Release|Any CPU
		{B3CA1960-7D9D-42D4-887E-1D87050C57B0}.QAS|Any CPU.Build.0 = Release|Any CPU
		{B3CA1960-7D9D-42D4-887E-1D87050C57B0}.Release|Any CPU.ActiveCfg = Release|Any CPU
		{B3CA1960-7D9D-42D4-887E-1D87050C57B0}.Release|Any CPU.Build.0 = Release|Any CPU
		{B3CA1960-7D9D-42D4-887E-1D87050C57B0}.STG|Any CPU.ActiveCfg = Release|Any CPU
		{B3CA1960-7D9D-42D4-887E-1D87050C57B0}.STG|Any CPU.Build.0 = Release|Any CPU
	EndGlobalSection
	GlobalSection(SolutionProperties) = preSolution
		HideSolutionNode = FALSE
	EndGlobalSection
	GlobalSection(NestedProjects) = preSolution
		{B6589F42-1427-4376-B91B-B1C0A892B7F2} = {69D626D7-902C-4D74-8630-F5834A5BEE8F}
		{085EB6FF-C824-477F-8D6F-6749939AC5EA} = {1E7A2978-4DA8-4552-B05E-1B88A3357666}
		{3126A899-9753-45B2-B47A-606B5CFF71A9} = {1E7A2978-4DA8-4552-B05E-1B88A3357666}
		{8F25B2BE-AE20-40F8-9E23-F90098B3BB3B} = {D99AF3F7-0647-47FC-ABDE-E0AEC44109AE}
		{D8835376-E242-438B-9ABE-4FBB018C8BCF} = {D99AF3F7-0647-47FC-ABDE-E0AEC44109AE}
		{386A7E42-E4BF-49A8-A6ED-C9A2EAAEA571} = {D99AF3F7-0647-47FC-ABDE-E0AEC44109AE}
		{B6FF2557-02AC-449E-A2F7-130C18527407} = {8F25B2BE-AE20-40F8-9E23-F90098B3BB3B}
		{8FB9DC13-FFA1-4A04-AC85-598C8E3CB7BC} = {D8835376-E242-438B-9ABE-4FBB018C8BCF}
		{3D6197B4-6391-4056-9E41-991AC69551BC} = {D8835376-E242-438B-9ABE-4FBB018C8BCF}
		{E631B21C-87A5-4A2A-A7D8-8B2E7007E49C} = {386A7E42-E4BF-49A8-A6ED-C9A2EAAEA571}
		{DB3032E5-94A7-4013-80EF-9E12AF97ABBA} = {386A7E42-E4BF-49A8-A6ED-C9A2EAAEA571}
		{CB58F173-18C0-418D-ADB1-CE9B7C7D34E0} = {1E7A2978-4DA8-4552-B05E-1B88A3357666}
		{A3DCF881-DE50-4E71-B15F-E939451B3D9F} = {69D626D7-902C-4D74-8630-F5834A5BEE8F}
		{1ACE2F9B-CFBA-4FA8-83B8-933E213679A9} = {3454370C-862D-4B60-BAA5-6DC6296ECEC6}
		{B3CA1960-7D9D-42D4-887E-1D87050C57B0} = {386A7E42-E4BF-49A8-A6ED-C9A2EAAEA571}
	EndGlobalSection
	GlobalSection(ExtensibilityGlobals) = postSolution
		SolutionGuid = {66A147EF-C3CF-4EAC-99AE-3FBA7F55868F}
	EndGlobalSection
EndGlobal
